<Solution>
  <Project Path="BookingApi.IntegrationTests/BookingApi.IntegrationTests.csproj" Id="6b51a021-6259-4aef-8398-0d085881431a" />
  <Project Path="EventApi.IntegrationTests/EventApi.IntegrationTests.csproj" Id="82d8e792-77b7-4b3e-825c-c4c0243f9510" />
  <Project Path="EventServiceTests/EventServiceTests.csproj" />
  <Project Path="WebApiTamakulov/WebApiTamakulov.csproj" />
</Solution>
